
Microsoft Visual Studio Solution File, Format Version 12.00
# Visual Studio Version 17
VisualStudioVersion = 17.2.32526.322
MinimumVisualStudioVersion = 10.0.40219.1
Project("{FAE04EC0-301F-11D3-BF4B-00C04F79EFBC}") = "ws-modulo6", "ws-modulo6.csproj", "{D7F2F32A-D2F3-479A-8394-61724B4A5ECE}"
EndProject
Global
	GlobalSection(SolutionConfigurationPlatforms) = preSolution
		Debug|Any CPU = Debug|Any CPU
		Release|Any CPU = Release|Any CPU
	EndGlobalSection
	GlobalSection(ProjectConfigurationPlatforms) = postSolution
		{D7F2F32A-D2F3-479A-8394-61724B4A5ECE}.Debug|Any CPU.ActiveCfg = Debug|Any CPU
		{D7F2F32A-D2F3-479A-8394-61724B4A5ECE}.Debug|Any CPU.Build.0 = Debug|Any CPU
		{D7F2F32A-D2F3-479A-8394-61724B4A5ECE}.Release|Any CPU.ActiveCfg = Release|Any CPU
		{D7F2F32A-D2F3-479A-8394-61724B4A5ECE}.Release|Any CPU.Build.0 = Release|Any CPU
	EndGlobalSection
	GlobalSection(SolutionProperties) = preSolution
		HideSolutionNode = FALSE
	EndGlobalSection
	GlobalSection(ExtensibilityGlobals) = postSolution
		SolutionGuid = {BC66A923-42D4-45AB-B9D6-F600BC1D12D5}
	EndGlobalSection
EndGlobal
