
Microsoft Visual Studio Solution File, Format Version 12.00
# Visual Studio Version 17
VisualStudioVersion = 17.2.32526.322
MinimumVisualStudioVersion = 10.0.40219.1
Project("{FAE04EC0-301F-11D3-BF4B-00C04F79EFBC}") = "Exercise1-module10", "Exercise1-module10.csproj", "{955DA609-A017-47B7-9B01-8EC997FBF744}"
EndProject
Global
	GlobalSection(SolutionConfigurationPlatforms) = preSolution
		Debug|Any CPU = Debug|Any CPU
		Release|Any CPU = Release|Any CPU
	EndGlobalSection
	GlobalSection(ProjectConfigurationPlatforms) = postSolution
		{955DA609-A017-47B7-9B01-8EC997FBF744}.Debug|Any CPU.ActiveCfg = Debug|Any CPU
		{955DA609-A017-47B7-9B01-8EC997FBF744}.Debug|Any CPU.Build.0 = Debug|Any CPU
		{955DA609-A017-47B7-9B01-8EC997FBF744}.Release|Any CPU.ActiveCfg = Release|Any CPU
		{955DA609-A017-47B7-9B01-8EC997FBF744}.Release|Any CPU.Build.0 = Release|Any CPU
	EndGlobalSection
	GlobalSection(SolutionProperties) = preSolution
		HideSolutionNode = FALSE
	EndGlobalSection
	GlobalSection(ExtensibilityGlobals) = postSolution
		SolutionGuid = {69EA1CE7-7913-4610-B178-BEB82D1F8E01}
	EndGlobalSection
EndGlobal
