
Microsoft Visual Studio Solution File, Format Version 12.00
# Visual Studio Version 17
VisualStudioVersion = 17.2.32526.322
MinimumVisualStudioVersion = 10.0.40219.1
Project("{FAE04EC0-301F-11D3-BF4B-00C04F79EFBC}") = "ws-modulo5", "ws-modulo5.csproj", "{B0D15467-859D-4C7A-90B8-26E8BB5060C7}"
EndProject
Global
	GlobalSection(SolutionConfigurationPlatforms) = preSolution
		Debug|Any CPU = Debug|Any CPU
		Release|Any CPU = Release|Any CPU
	EndGlobalSection
	GlobalSection(ProjectConfigurationPlatforms) = postSolution
		{B0D15467-859D-4C7A-90B8-26E8BB5060C7}.Debug|Any CPU.ActiveCfg = Debug|Any CPU
		{B0D15467-859D-4C7A-90B8-26E8BB5060C7}.Debug|Any CPU.Build.0 = Debug|Any CPU
		{B0D15467-859D-4C7A-90B8-26E8BB5060C7}.Release|Any CPU.ActiveCfg = Release|Any CPU
		{B0D15467-859D-4C7A-90B8-26E8BB5060C7}.Release|Any CPU.Build.0 = Release|Any CPU
	EndGlobalSection
	GlobalSection(SolutionProperties) = preSolution
		HideSolutionNode = FALSE
	EndGlobalSection
	GlobalSection(ExtensibilityGlobals) = postSolution
		SolutionGuid = {8B0F454F-7BB5-4338-9EFB-3438D4270522}
	EndGlobalSection
EndGlobal
