
Microsoft Visual Studio Solution File, Format Version 12.00
# Visual Studio Version 17
VisualStudioVersion = 17.2.32526.322
MinimumVisualStudioVersion = 10.0.40219.1
Project("{FAE04EC0-301F-11D3-BF4B-00C04F79EFBC}") = "ws-modulo10", "ws-modulo10.csproj", "{396569C7-4DDC-4924-A5DB-19628F077C93}"
EndProject
Global
	GlobalSection(SolutionConfigurationPlatforms) = preSolution
		Debug|Any CPU = Debug|Any CPU
		Release|Any CPU = Release|Any CPU
	EndGlobalSection
	GlobalSection(ProjectConfigurationPlatforms) = postSolution
		{396569C7-4DDC-4924-A5DB-19628F077C93}.Debug|Any CPU.ActiveCfg = Debug|Any CPU
		{396569C7-4DDC-4924-A5DB-19628F077C93}.Debug|Any CPU.Build.0 = Debug|Any CPU
		{396569C7-4DDC-4924-A5DB-19628F077C93}.Release|Any CPU.ActiveCfg = Release|Any CPU
		{396569C7-4DDC-4924-A5DB-19628F077C93}.Release|Any CPU.Build.0 = Release|Any CPU
	EndGlobalSection
	GlobalSection(SolutionProperties) = preSolution
		HideSolutionNode = FALSE
	EndGlobalSection
	GlobalSection(ExtensibilityGlobals) = postSolution
		SolutionGuid = {B74265C5-2E4F-49C3-BD3E-1F034774C4B4}
	EndGlobalSection
EndGlobal
