
Microsoft Visual Studio Solution File, Format Version 12.00
# Visual Studio Version 17
VisualStudioVersion = 17.2.32526.322
MinimumVisualStudioVersion = 10.0.40219.1
Project("{FAE04EC0-301F-11D3-BF4B-00C04F79EFBC}") = "ws-modulo8", "ws-modulo8.csproj", "{AA1A3F67-0C69-4679-BF4D-22F2DFFA9B9D}"
EndProject
Global
	GlobalSection(SolutionConfigurationPlatforms) = preSolution
		Debug|Any CPU = Debug|Any CPU
		Release|Any CPU = Release|Any CPU
	EndGlobalSection
	GlobalSection(ProjectConfigurationPlatforms) = postSolution
		{AA1A3F67-0C69-4679-BF4D-22F2DFFA9B9D}.Debug|Any CPU.ActiveCfg = Debug|Any CPU
		{AA1A3F67-0C69-4679-BF4D-22F2DFFA9B9D}.Debug|Any CPU.Build.0 = Debug|Any CPU
		{AA1A3F67-0C69-4679-BF4D-22F2DFFA9B9D}.Release|Any CPU.ActiveCfg = Release|Any CPU
		{AA1A3F67-0C69-4679-BF4D-22F2DFFA9B9D}.Release|Any CPU.Build.0 = Release|Any CPU
	EndGlobalSection
	GlobalSection(SolutionProperties) = preSolution
		HideSolutionNode = FALSE
	EndGlobalSection
	GlobalSection(ExtensibilityGlobals) = postSolution
		SolutionGuid = {2E3D886C-40F3-401F-A62D-BC9483ED2204}
	EndGlobalSection
EndGlobal
