
Microsoft Visual Studio Solution File, Format Version 12.00
# Visual Studio Version 17
VisualStudioVersion = 17.2.32526.322
MinimumVisualStudioVersion = 10.0.40219.1
Project("{FAE04EC0-301F-11D3-BF4B-00C04F79EFBC}") = "Exercise2-wsmodule10", "Exercise2-wsmodule10.csproj", "{86D499AA-19A4-4B4A-A16F-DD60DB46ABA1}"
EndProject
Global
	GlobalSection(SolutionConfigurationPlatforms) = preSolution
		Debug|Any CPU = Debug|Any CPU
		Release|Any CPU = Release|Any CPU
	EndGlobalSection
	GlobalSection(ProjectConfigurationPlatforms) = postSolution
		{86D499AA-19A4-4B4A-A16F-DD60DB46ABA1}.Debug|Any CPU.ActiveCfg = Debug|Any CPU
		{86D499AA-19A4-4B4A-A16F-DD60DB46ABA1}.Debug|Any CPU.Build.0 = Debug|Any CPU
		{86D499AA-19A4-4B4A-A16F-DD60DB46ABA1}.Release|Any CPU.ActiveCfg = Release|Any CPU
		{86D499AA-19A4-4B4A-A16F-DD60DB46ABA1}.Release|Any CPU.Build.0 = Release|Any CPU
	EndGlobalSection
	GlobalSection(SolutionProperties) = preSolution
		HideSolutionNode = FALSE
	EndGlobalSection
	GlobalSection(ExtensibilityGlobals) = postSolution
		SolutionGuid = {46664ED3-8325-4571-B56C-B274FD570341}
	EndGlobalSection
EndGlobal
