
Microsoft Visual Studio Solution File, Format Version 12.00
# Visual Studio Version 17
VisualStudioVersion = 17.2.32526.322
MinimumVisualStudioVersion = 10.0.40219.1
Project("{FAE04EC0-301F-11D3-BF4B-00C04F79EFBC}") = "ws-exercicios-modulo3", "ws-exercicios-modulo3.csproj", "{5618BFBC-2DAA-414C-B56F-4A503AF7AA01}"
EndProject
Global
	GlobalSection(SolutionConfigurationPlatforms) = preSolution
		Debug|Any CPU = Debug|Any CPU
		Release|Any CPU = Release|Any CPU
	EndGlobalSection
	GlobalSection(ProjectConfigurationPlatforms) = postSolution
		{5618BFBC-2DAA-414C-B56F-4A503AF7AA01}.Debug|Any CPU.ActiveCfg = Debug|Any CPU
		{5618BFBC-2DAA-414C-B56F-4A503AF7AA01}.Debug|Any CPU.Build.0 = Debug|Any CPU
		{5618BFBC-2DAA-414C-B56F-4A503AF7AA01}.Release|Any CPU.ActiveCfg = Release|Any CPU
		{5618BFBC-2DAA-414C-B56F-4A503AF7AA01}.Release|Any CPU.Build.0 = Release|Any CPU
	EndGlobalSection
	GlobalSection(SolutionProperties) = preSolution
		HideSolutionNode = FALSE
	EndGlobalSection
	GlobalSection(ExtensibilityGlobals) = postSolution
		SolutionGuid = {0DBC8824-F17B-4FB5-9C27-0B7DE275C2F8}
	EndGlobalSection
EndGlobal
